// !$*UTF8*$!
{
	archiveVersion = 1;
	classes = {
	};
	objectVersion = 48;
	objects = {

/* Begin PBXBuildFile section */
		2C12BF371F951F4E00E19EBE /* AppDelegate.swift in Sources */ = {isa = PBXBuildFile; fileRef = 2C12BF361F951F4E00E19EBE /* AppDelegate.swift */; };
		2C12BF391F951F4E00E19EBE /* ViewController.swift in Sources */ = {isa = PBXBuildFile; fileRef = 2C12BF381F951F4E00E19EBE /* ViewController.swift */; };
		2C12BF3C1F951F4E00E19EBE /* Main.storyboard in Resources */ = {isa = PBXBuildFile; fileRef = 2C12BF3A1F951F4E00E19EBE /* Main.storyboard */; };
		2C12BF3E1F951F4E00E19EBE /* Assets.xcassets in Resources */ = {isa = PBXBuildFile; fileRef = 2C12BF3D1F951F4E00E19EBE /* Assets.xcassets */; };
		2C12BF411F951F4E00E19EBE /* LaunchScreen.storyboard in Resources */ = {isa = PBXBuildFile; fileRef = 2C12BF3F1F951F4E00E19EBE /* LaunchScreen.storyboard */; };
		2C12BF4C1F951F4E00E19EBE /* iTunesClientTests.swift in Sources */ = {isa = PBXBuildFile; fileRef = 2C12BF4B1F951F4E00E19EBE /* iTunesClientTests.swift */; };
		2C12BF571F951F4E00E19EBE /* iTunesClientUITests.swift in Sources */ = {isa = PBXBuildFile; fileRef = 2C12BF561F951F4E00E19EBE /* iTunesClientUITests.swift */; };
		2C12BF681F951FBA00E19EBE /* Artist.swift in Sources */ = {isa = PBXBuildFile; fileRef = 2C12BF671F951FBA00E19EBE /* Artist.swift */; };
		2C12BF6A1F95207600E19EBE /* Genre.swift in Sources */ = {isa = PBXBuildFile; fileRef = 2C12BF691F95207600E19EBE /* Genre.swift */; };
		2C12BF6C1F9520FF00E19EBE /* Album.swift in Sources */ = {isa = PBXBuildFile; fileRef = 2C12BF6B1F9520FF00E19EBE /* Album.swift */; };
		2C12BF6E1F95236900E19EBE /* Song.swift in Sources */ = {isa = PBXBuildFile; fileRef = 2C12BF6D1F95236900E19EBE /* Song.swift */; };
/* End PBXBuildFile section */

/* Begin PBXContainerItemProxy section */
		2C12BF481F951F4E00E19EBE /* PBXContainerItemProxy */ = {
			isa = PBXContainerItemProxy;
			containerPortal = 2C12BF2B1F951F4E00E19EBE /* Project object */;
			proxyType = 1;
			remoteGlobalIDString = 2C12BF321F951F4E00E19EBE;
			remoteInfo = iTunesClient;
		};
		2C12BF531F951F4E00E19EBE /* PBXContainerItemProxy */ = {
			isa = PBXContainerItemProxy;
			containerPortal = 2C12BF2B1F951F4E00E19EBE /* Project object */;
			proxyType = 1;
			remoteGlobalIDString = 2C12BF321F951F4E00E19EBE;
			remoteInfo = iTunesClient;
		};
/* End PBXContainerItemProxy section */

/* Begin PBXFileReference section */
		2C12BF331F951F4E00E19EBE /* iTunesClient.app */ = {isa = PBXFileReference; explicitFileType = wrapper.application; includeInIndex = 0; path = iTunesClient.app; sourceTree = BUILT_PRODUCTS_DIR; };
		2C12BF361F951F4E00E19EBE /* AppDelegate.swift */ = {isa = PBXFileReference; lastKnownFileType = sourcecode.swift; path = AppDelegate.swift; sourceTree = "<group>"; };
		2C12BF381F951F4E00E19EBE /* ViewController.swift */ = {isa = PBXFileReference; lastKnownFileType = sourcecode.swift; path = ViewController.swift; sourceTree = "<group>"; };
		2C12BF3B1F951F4E00E19EBE /* Base */ = {isa = PBXFileReference; lastKnownFileType = file.storyboard; name = Base; path = Base.lproj/Main.storyboard; sourceTree = "<group>"; };
		2C12BF3D1F951F4E00E19EBE /* Assets.xcassets */ = {isa = PBXFileReference; lastKnownFileType = folder.assetcatalog; path = Assets.xcassets; sourceTree = "<group>"; };
		2C12BF401F951F4E00E19EBE /* Base */ = {isa = PBXFileReference; lastKnownFileType = file.storyboard; name = Base; path = Base.lproj/LaunchScreen.storyboard; sourceTree = "<group>"; };
		2C12BF421F951F4E00E19EBE /* Info.plist */ = {isa = PBXFileReference; lastKnownFileType = text.plist.xml; path = Info.plist; sourceTree = "<group>"; };
		2C12BF471F951F4E00E19EBE /* iTunesClientTests.xctest */ = {isa = PBXFileReference; explicitFileType = wrapper.cfbundle; includeInIndex = 0; path = iTunesClientTests.xctest; sourceTree = BUILT_PRODUCTS_DIR; };
		2C12BF4B1F951F4E00E19EBE /* iTunesClientTests.swift */ = {isa = PBXFileReference; lastKnownFileType = sourcecode.swift; path = iTunesClientTests.swift; sourceTree = "<group>"; };
		2C12BF4D1F951F4E00E19EBE /* Info.plist */ = {isa = PBXFileReference; lastKnownFileType = text.plist.xml; path = Info.plist; sourceTree = "<group>"; };
		2C12BF521F951F4E00E19EBE /* iTunesClientUITests.xctest */ = {isa = PBXFileReference; explicitFileType = wrapper.cfbundle; includeInIndex = 0; path = iTunesClientUITests.xctest; sourceTree = BUILT_PRODUCTS_DIR; };
		2C12BF561F951F4E00E19EBE /* iTunesClientUITests.swift */ = {isa = PBXFileReference; lastKnownFileType = sourcecode.swift; path = iTunesClientUITests.swift; sourceTree = "<group>"; };
		2C12BF581F951F4E00E19EBE /* Info.plist */ = {isa = PBXFileReference; lastKnownFileType = text.plist.xml; path = Info.plist; sourceTree = "<group>"; };
		2C12BF671F951FBA00E19EBE /* Artist.swift */ = {isa = PBXFileReference; lastKnownFileType = sourcecode.swift; path = Artist.swift; sourceTree = "<group>"; };
		2C12BF691F95207600E19EBE /* Genre.swift */ = {isa = PBXFileReference; lastKnownFileType = sourcecode.swift; path = Genre.swift; sourceTree = "<group>"; };
		2C12BF6B1F9520FF00E19EBE /* Album.swift */ = {isa = PBXFileReference; lastKnownFileType = sourcecode.swift; path = Album.swift; sourceTree = "<group>"; };
		2C12BF6D1F95236900E19EBE /* Song.swift */ = {isa = PBXFileReference; lastKnownFileType = sourcecode.swift; path = Song.swift; sourceTree = "<group>"; };
/* End PBXFileReference section */

/* Begin PBXFrameworksBuildPhase section */
		2C12BF301F951F4E00E19EBE /* Frameworks */ = {
			isa = PBXFrameworksBuildPhase;
			buildActionMask = 2147483647;
			files = (
			);
			runOnlyForDeploymentPostprocessing = 0;
		};
		2C12BF441F951F4E00E19EBE /* Frameworks */ = {
			isa = PBXFrameworksBuildPhase;
			buildActionMask = 2147483647;
			files = (
			);
			runOnlyForDeploymentPostprocessing = 0;
		};
		2C12BF4F1F951F4E00E19EBE /* Frameworks */ = {
			isa = PBXFrameworksBuildPhase;
			buildActionMask = 2147483647;
			files = (
			);
			runOnlyForDeploymentPostprocessing = 0;
		};
/* End PBXFrameworksBuildPhase section */

/* Begin PBXGroup section */
		2C12BF2A1F951F4E00E19EBE = {
			isa = PBXGroup;
			children = (
				2C12BF351F951F4E00E19EBE /* iTunesClient */,
				2C12BF4A1F951F4E00E19EBE /* iTunesClientTests */,
				2C12BF551F951F4E00E19EBE /* iTunesClientUITests */,
				2C12BF341F951F4E00E19EBE /* Products */,
			);
			sourceTree = "<group>";
		};
		2C12BF341F951F4E00E19EBE /* Products */ = {
			isa = PBXGroup;
			children = (
				2C12BF331F951F4E00E19EBE /* iTunesClient.app */,
				2C12BF471F951F4E00E19EBE /* iTunesClientTests.xctest */,
				2C12BF521F951F4E00E19EBE /* iTunesClientUITests.xctest */,
			);
			name = Products;
			sourceTree = "<group>";
		};
		2C12BF351F951F4E00E19EBE /* iTunesClient */ = {
			isa = PBXGroup;
			children = (
				2C12BF661F951FA000E19EBE /* Controllers */,
				2C12BF651F951F9600E19EBE /* Views */,
				2C12BF641F951F8C00E19EBE /* Models */,
				2C12BF361F951F4E00E19EBE /* AppDelegate.swift */,
				2C12BF381F951F4E00E19EBE /* ViewController.swift */,
				2C12BF3A1F951F4E00E19EBE /* Main.storyboard */,
				2C12BF3D1F951F4E00E19EBE /* Assets.xcassets */,
				2C12BF3F1F951F4E00E19EBE /* LaunchScreen.storyboard */,
				2C12BF421F951F4E00E19EBE /* Info.plist */,
			);
			path = iTunesClient;
			sourceTree = "<group>";
		};
		2C12BF4A1F951F4E00E19EBE /* iTunesClientTests */ = {
			isa = PBXGroup;
			children = (
				2C12BF4B1F951F4E00E19EBE /* iTunesClientTests.swift */,
				2C12BF4D1F951F4E00E19EBE /* Info.plist */,
			);
			path = iTunesClientTests;
			sourceTree = "<group>";
		};
		2C12BF551F951F4E00E19EBE /* iTunesClientUITests */ = {
			isa = PBXGroup;
			children = (
				2C12BF561F951F4E00E19EBE /* iTunesClientUITests.swift */,
				2C12BF581F951F4E00E19EBE /* Info.plist */,
			);
			path = iTunesClientUITests;
			sourceTree = "<group>";
		};
		2C12BF641F951F8C00E19EBE /* Models */ = {
			isa = PBXGroup;
			children = (
				2C12BF671F951FBA00E19EBE /* Artist.swift */,
				2C12BF691F95207600E19EBE /* Genre.swift */,
				2C12BF6B1F9520FF00E19EBE /* Album.swift */,
				2C12BF6D1F95236900E19EBE /* Song.swift */,
			);
			path = Models;
			sourceTree = "<group>";
		};
		2C12BF651F951F9600E19EBE /* Views */ = {
			isa = PBXGroup;
			children = (
			);
			path = Views;
			sourceTree = "<group>";
		};
		2C12BF661F951FA000E19EBE /* Controllers */ = {
			isa = PBXGroup;
			children = (
			);
			path = Controllers;
			sourceTree = "<group>";
		};
/* End PBXGroup section */

/* Begin PBXNativeTarget section */
		2C12BF321F951F4E00E19EBE /* iTunesClient */ = {
			isa = PBXNativeTarget;
			buildConfigurationList = 2C12BF5B1F951F4E00E19EBE /* Build configuration list for PBXNativeTarget "iTunesClient" */;
			buildPhases = (
				2C12BF2F1F951F4E00E19EBE /* Sources */,
				2C12BF301F951F4E00E19EBE /* Frameworks */,
				2C12BF311F951F4E00E19EBE /* Resources */,
			);
			buildRules = (
			);
			dependencies = (
			);
			name = iTunesClient;
			productName = iTunesClient;
			productReference = 2C12BF331F951F4E00E19EBE /* iTunesClient.app */;
			productType = "com.apple.product-type.application";
		};
		2C12BF461F951F4E00E19EBE /* iTunesClientTests */ = {
			isa = PBXNativeTarget;
			buildConfigurationList = 2C12BF5E1F951F4E00E19EBE /* Build configuration list for PBXNativeTarget "iTunesClientTests" */;
			buildPhases = (
				2C12BF431F951F4E00E19EBE /* Sources */,
				2C12BF441F951F4E00E19EBE /* Frameworks */,
				2C12BF451F951F4E00E19EBE /* Resources */,
			);
			buildRules = (
			);
			dependencies = (
				2C12BF491F951F4E00E19EBE /* PBXTargetDependency */,
			);
			name = iTunesClientTests;
			productName = iTunesClientTests;
			productReference = 2C12BF471F951F4E00E19EBE /* iTunesClientTests.xctest */;
			productType = "com.apple.product-type.bundle.unit-test";
		};
		2C12BF511F951F4E00E19EBE /* iTunesClientUITests */ = {
			isa = PBXNativeTarget;
			buildConfigurationList = 2C12BF611F951F4E00E19EBE /* Build configuration list for PBXNativeTarget "iTunesClientUITests" */;
			buildPhases = (
				2C12BF4E1F951F4E00E19EBE /* Sources */,
				2C12BF4F1F951F4E00E19EBE /* Frameworks */,
				2C12BF501F951F4E00E19EBE /* Resources */,
			);
			buildRules = (
			);
			dependencies = (
				2C12BF541F951F4E00E19EBE /* PBXTargetDependency */,
			);
			name = iTunesClientUITests;
			productName = iTunesClientUITests;
			productReference = 2C12BF521F951F4E00E19EBE /* iTunesClientUITests.xctest */;
			productType = "com.apple.product-type.bundle.ui-testing";
		};
/* End PBXNativeTarget section */

/* Begin PBXProject section */
		2C12BF2B1F951F4E00E19EBE /* Project object */ = {
			isa = PBXProject;
			attributes = {
				LastSwiftUpdateCheck = 0900;
				LastUpgradeCheck = 0900;
				ORGANIZATIONNAME = "Marcus Klausen";
				TargetAttributes = {
					2C12BF321F951F4E00E19EBE = {
						CreatedOnToolsVersion = 9.0;
						ProvisioningStyle = Automatic;
					};
					2C12BF461F951F4E00E19EBE = {
						CreatedOnToolsVersion = 9.0;
						ProvisioningStyle = Automatic;
						TestTargetID = 2C12BF321F951F4E00E19EBE;
					};
					2C12BF511F951F4E00E19EBE = {
						CreatedOnToolsVersion = 9.0;
						ProvisioningStyle = Automatic;
						TestTargetID = 2C12BF321F951F4E00E19EBE;
					};
				};
			};
			buildConfigurationList = 2C12BF2E1F951F4E00E19EBE /* Build configuration list for PBXProject "iTunesClient" */;
			compatibilityVersion = "Xcode 8.0";
			developmentRegion = en;
			hasScannedForEncodings = 0;
			knownRegions = (
				en,
				Base,
			);
			mainGroup = 2C12BF2A1F951F4E00E19EBE;
			productRefGroup = 2C12BF341F951F4E00E19EBE /* Products */;
			projectDirPath = "";
			projectRoot = "";
			targets = (
				2C12BF321F951F4E00E19EBE /* iTunesClient */,
				2C12BF461F951F4E00E19EBE /* iTunesClientTests */,
				2C12BF511F951F4E00E19EBE /* iTunesClientUITests */,
			);
		};
/* End PBXProject section */

/* Begin PBXResourcesBuildPhase section */
		2C12BF311F951F4E00E19EBE /* Resources */ = {
			isa = PBXResourcesBuildPhase;
			buildActionMask = 2147483647;
			files = (
				2C12BF411F951F4E00E19EBE /* LaunchScreen.storyboard in Resources */,
				2C12BF3E1F951F4E00E19EBE /* Assets.xcassets in Resources */,
				2C12BF3C1F951F4E00E19EBE /* Main.storyboard in Resources */,
			);
			runOnlyForDeploymentPostprocessing = 0;
		};
		2C12BF451F951F4E00E19EBE /* Resources */ = {
			isa = PBXResourcesBuildPhase;
			buildActionMask = 2147483647;
			files = (
			);
			runOnlyForDeploymentPostprocessing = 0;
		};
		2C12BF501F951F4E00E19EBE /* Resources */ = {
			isa = PBXResourcesBuildPhase;
			buildActionMask = 2147483647;
			files = (
			);
			runOnlyForDeploymentPostprocessing = 0;
		};
/* End PBXResourcesBuildPhase section */

/* Begin PBXSourcesBuildPhase section */
		2C12BF2F1F951F4E00E19EBE /* Sources */ = {
			isa = PBXSourcesBuildPhase;
			buildActionMask = 2147483647;
			files = (
				2C12BF6E1F95236900E19EBE /* Song.swift in Sources */,
				2C12BF681F951FBA00E19EBE /* Artist.swift in Sources */,
				2C12BF391F951F4E00E19EBE /* ViewController.swift in Sources */,
				2C12BF371F951F4E00E19EBE /* AppDelegate.swift in Sources */,
				2C12BF6A1F95207600E19EBE /* Genre.swift in Sources */,
				2C12BF6C1F9520FF00E19EBE /* Album.swift in Sources */,
			);
			runOnlyForDeploymentPostprocessing = 0;
		};
		2C12BF431F951F4E00E19EBE /* Sources */ = {
			isa = PBXSourcesBuildPhase;
			buildActionMask = 2147483647;
			files = (
				2C12BF4C1F951F4E00E19EBE /* iTunesClientTests.swift in Sources */,
			);
			runOnlyForDeploymentPostprocessing = 0;
		};
		2C12BF4E1F951F4E00E19EBE /* Sources */ = {
			isa = PBXSourcesBuildPhase;
			buildActionMask = 2147483647;
			files = (
				2C12BF571F951F4E00E19EBE /* iTunesClientUITests.swift in Sources */,
			);
			runOnlyForDeploymentPostprocessing = 0;
		};
/* End PBXSourcesBuildPhase section */

/* Begin PBXTargetDependency section */
		2C12BF491F951F4E00E19EBE /* PBXTargetDependency */ = {
			isa = PBXTargetDependency;
			target = 2C12BF321F951F4E00E19EBE /* iTunesClient */;
			targetProxy = 2C12BF481F951F4E00E19EBE /* PBXContainerItemProxy */;
		};
		2C12BF541F951F4E00E19EBE /* PBXTargetDependency */ = {
			isa = PBXTargetDependency;
			target = 2C12BF321F951F4E00E19EBE /* iTunesClient */;
			targetProxy = 2C12BF531F951F4E00E19EBE /* PBXContainerItemProxy */;
		};
/* End PBXTargetDependency section */

/* Begin PBXVariantGroup section */
		2C12BF3A1F951F4E00E19EBE /* Main.storyboard */ = {
			isa = PBXVariantGroup;
			children = (
				2C12BF3B1F951F4E00E19EBE /* Base */,
			);
			name = Main.storyboard;
			sourceTree = "<group>";
		};
		2C12BF3F1F951F4E00E19EBE /* LaunchScreen.storyboard */ = {
			isa = PBXVariantGroup;
			children = (
				2C12BF401F951F4E00E19EBE /* Base */,
			);
			name = LaunchScreen.storyboard;
			sourceTree = "<group>";
		};
/* End PBXVariantGroup section */

/* Begin XCBuildConfiguration section */
		2C12BF591F951F4E00E19EBE /* Debug */ = {
			isa = XCBuildConfiguration;
			buildSettings = {
				ALWAYS_SEARCH_USER_PATHS = NO;
				CLANG_ANALYZER_NONNULL = YES;
				CLANG_ANALYZER_NUMBER_OBJECT_CONVERSION = YES_AGGRESSIVE;
				CLANG_CXX_LANGUAGE_STANDARD = "gnu++14";
				CLANG_CXX_LIBRARY = "libc++";
				CLANG_ENABLE_MODULES = YES;
				CLANG_ENABLE_OBJC_ARC = YES;
				CLANG_WARN_BLOCK_CAPTURE_AUTORELEASING = YES;
				CLANG_WARN_BOOL_CONVERSION = YES;
				CLANG_WARN_COMMA = YES;
				CLANG_WARN_CONSTANT_CONVERSION = YES;
				CLANG_WARN_DIRECT_OBJC_ISA_USAGE = YES_ERROR;
				CLANG_WARN_DOCUMENTATION_COMMENTS = YES;
				CLANG_WARN_EMPTY_BODY = YES;
				CLANG_WARN_ENUM_CONVERSION = YES;
				CLANG_WARN_INFINITE_RECURSION = YES;
				CLANG_WARN_INT_CONVERSION = YES;
				CLANG_WARN_NON_LITERAL_NULL_CONVERSION = YES;
				CLANG_WARN_OBJC_LITERAL_CONVERSION = YES;
				CLANG_WARN_OBJC_ROOT_CLASS = YES_ERROR;
				CLANG_WARN_RANGE_LOOP_ANALYSIS = YES;
				CLANG_WARN_STRICT_PROTOTYPES = YES;
				CLANG_WARN_SUSPICIOUS_MOVE = YES;
				CLANG_WARN_UNGUARDED_AVAILABILITY = YES_AGGRESSIVE;
				CLANG_WARN_UNREACHABLE_CODE = YES;
				CLANG_WARN__DUPLICATE_METHOD_MATCH = YES;
				CODE_SIGN_IDENTITY = "iPhone Developer";
				COPY_PHASE_STRIP = NO;
				DEBUG_INFORMATION_FORMAT = dwarf;
				ENABLE_STRICT_OBJC_MSGSEND = YES;
				ENABLE_TESTABILITY = YES;
				GCC_C_LANGUAGE_STANDARD = gnu11;
				GCC_DYNAMIC_NO_PIC = NO;
				GCC_NO_COMMON_BLOCKS = YES;
				GCC_OPTIMIZATION_LEVEL = 0;
				GCC_PREPROCESSOR_DEFINITIONS = (
					"DEBUG=1",
					"$(inherited)",
				);
				GCC_WARN_64_TO_32_BIT_CONVERSION = YES;
				GCC_WARN_ABOUT_RETURN_TYPE = YES_ERROR;
				GCC_WARN_UNDECLARED_SELECTOR = YES;
				GCC_WARN_UNINITIALIZED_AUTOS = YES_AGGRESSIVE;
				GCC_WARN_UNUSED_FUNCTION = YES;
				GCC_WARN_UNUSED_VARIABLE = YES;
				IPHONEOS_DEPLOYMENT_TARGET = 11.0;
				MTL_ENABLE_DEBUG_INFO = YES;
				ONLY_ACTIVE_ARCH = YES;
				SDKROOT = iphoneos;
				SWIFT_ACTIVE_COMPILATION_CONDITIONS = DEBUG;
				SWIFT_OPTIMIZATION_LEVEL = "-Onone";
			};
			name = Debug;
		};
		2C12BF5A1F951F4E00E19EBE /* Release */ = {
			isa = XCBuildConfiguration;
			buildSettings = {
				ALWAYS_SEARCH_USER_PATHS = NO;
				CLANG_ANALYZER_NONNULL = YES;
				CLANG_ANALYZER_NUMBER_OBJECT_CONVERSION = YES_AGGRESSIVE;
				CLANG_CXX_LANGUAGE_STANDARD = "gnu++14";
				CLANG_CXX_LIBRARY = "libc++";
				CLANG_ENABLE_MODULES = YES;
				CLANG_ENABLE_OBJC_ARC = YES;
				CLANG_WARN_BLOCK_CAPTURE_AUTORELEASING = YES;
				CLANG_WARN_BOOL_CONVERSION = YES;
				CLANG_WARN_COMMA = YES;
				CLANG_WARN_CONSTANT_CONVERSION = YES;
				CLANG_WARN_DIRECT_OBJC_ISA_USAGE = YES_ERROR;
				CLANG_WARN_DOCUMENTATION_COMMENTS = YES;
				CLANG_WARN_EMPTY_BODY = YES;
				CLANG_WARN_ENUM_CONVERSION = YES;
				CLANG_WARN_INFINITE_RECURSION = YES;
				CLANG_WARN_INT_CONVERSION = YES;
				CLANG_WARN_NON_LITERAL_NULL_CONVERSION = YES;
				CLANG_WARN_OBJC_LITERAL_CONVERSION = YES;
				CLANG_WARN_OBJC_ROOT_CLASS = YES_ERROR;
				CLANG_WARN_RANGE_LOOP_ANALYSIS = YES;
				CLANG_WARN_STRICT_PROTOTYPES = YES;
				CLANG_WARN_SUSPICIOUS_MOVE = YES;
				CLANG_WARN_UNGUARDED_AVAILABILITY = YES_AGGRESSIVE;
				CLANG_WARN_UNREACHABLE_CODE = YES;
				CLANG_WARN__DUPLICATE_METHOD_MATCH = YES;
				CODE_SIGN_IDENTITY = "iPhone Developer";
				COPY_PHASE_STRIP = NO;
				DEBUG_INFORMATION_FORMAT = "dwarf-with-dsym";
				ENABLE_NS_ASSERTIONS = NO;
				ENABLE_STRICT_OBJC_MSGSEND = YES;
				GCC_C_LANGUAGE_STANDARD = gnu11;
				GCC_NO_COMMON_BLOCKS = YES;
				GCC_WARN_64_TO_32_BIT_CONVERSION = YES;
				GCC_WARN_ABOUT_RETURN_TYPE = YES_ERROR;
				GCC_WARN_UNDECLARED_SELECTOR = YES;
				GCC_WARN_UNINITIALIZED_AUTOS = YES_AGGRESSIVE;
				GCC_WARN_UNUSED_FUNCTION = YES;
				GCC_WARN_UNUSED_VARIABLE = YES;
				IPHONEOS_DEPLOYMENT_TARGET = 11.0;
				MTL_ENABLE_DEBUG_INFO = NO;
				SDKROOT = iphoneos;
				SWIFT_OPTIMIZATION_LEVEL = "-Owholemodule";
				VALIDATE_PRODUCT = YES;
			};
			name = Release;
		};
		2C12BF5C1F951F4E00E19EBE /* Debug */ = {
			isa = XCBuildConfiguration;
			buildSettings = {
				ASSETCATALOG_COMPILER_APPICON_NAME = AppIcon;
				CODE_SIGN_STYLE = Automatic;
				DEVELOPMENT_TEAM = 7R2PT84PCM;
				INFOPLIST_FILE = iTunesClient/Info.plist;
				LD_RUNPATH_SEARCH_PATHS = "$(inherited) @executable_path/Frameworks";
				PRODUCT_BUNDLE_IDENTIFIER = dk.marcusklausen.iTunesClient;
				PRODUCT_NAME = "$(TARGET_NAME)";
				SWIFT_VERSION = 4.0;
				TARGETED_DEVICE_FAMILY = "1,2";
			};
			name = Debug;
		};
		2C12BF5D1F951F4E00E19EBE /* Release */ = {
			isa = XCBuildConfiguration;
			buildSettings = {
				ASSETCATALOG_COMPILER_APPICON_NAME = AppIcon;
				CODE_SIGN_STYLE = Automatic;
				DEVELOPMENT_TEAM = 7R2PT84PCM;
				INFOPLIST_FILE = iTunesClient/Info.plist;
				LD_RUNPATH_SEARCH_PATHS = "$(inherited) @executable_path/Frameworks";
				PRODUCT_BUNDLE_IDENTIFIER = dk.marcusklausen.iTunesClient;
				PRODUCT_NAME = "$(TARGET_NAME)";
				SWIFT_VERSION = 4.0;
				TARGETED_DEVICE_FAMILY = "1,2";
			};
			name = Release;
		};
		2C12BF5F1F951F4E00E19EBE /* Debug */ = {
			isa = XCBuildConfiguration;
			buildSettings = {
				ALWAYS_EMBED_SWIFT_STANDARD_LIBRARIES = YES;
				BUNDLE_LOADER = "$(TEST_HOST)";
				CODE_SIGN_STYLE = Automatic;
				DEVELOPMENT_TEAM = 7R2PT84PCM;
				INFOPLIST_FILE = iTunesClientTests/Info.plist;
				LD_RUNPATH_SEARCH_PATHS = "$(inherited) @executable_path/Frameworks @loader_path/Frameworks";
				PRODUCT_BUNDLE_IDENTIFIER = dk.marcusklausen.iTunesClientTests;
				PRODUCT_NAME = "$(TARGET_NAME)";
				SWIFT_VERSION = 4.0;
				TARGETED_DEVICE_FAMILY = "1,2";
				TEST_HOST = "$(BUILT_PRODUCTS_DIR)/iTunesClient.app/iTunesClient";
			};
			name = Debug;
		};
		2C12BF601F951F4E00E19EBE /* Release */ = {
			isa = XCBuildConfiguration;
			buildSettings = {
				ALWAYS_EMBED_SWIFT_STANDARD_LIBRARIES = YES;
				BUNDLE_LOADER = "$(TEST_HOST)";
				CODE_SIGN_STYLE = Automatic;
				DEVELOPMENT_TEAM = 7R2PT84PCM;
				INFOPLIST_FILE = iTunesClientTests/Info.plist;
				LD_RUNPATH_SEARCH_PATHS = "$(inherited) @executable_path/Frameworks @loader_path/Frameworks";
				PRODUCT_BUNDLE_IDENTIFIER = dk.marcusklausen.iTunesClientTests;
				PRODUCT_NAME = "$(TARGET_NAME)";
				SWIFT_VERSION = 4.0;
				TARGETED_DEVICE_FAMILY = "1,2";
				TEST_HOST = "$(BUILT_PRODUCTS_DIR)/iTunesClient.app/iTunesClient";
			};
			name = Release;
		};
		2C12BF621F951F4E00E19EBE /* Debug */ = {
			isa = XCBuildConfiguration;
			buildSettings = {
				ALWAYS_EMBED_SWIFT_STANDARD_LIBRARIES = YES;
				CODE_SIGN_STYLE = Automatic;
				DEVELOPMENT_TEAM = 7R2PT84PCM;
				INFOPLIST_FILE = iTunesClientUITests/Info.plist;
				LD_RUNPATH_SEARCH_PATHS = "$(inherited) @executable_path/Frameworks @loader_path/Frameworks";
				PRODUCT_BUNDLE_IDENTIFIER = dk.marcusklausen.iTunesClientUITests;
				PRODUCT_NAME = "$(TARGET_NAME)";
				SWIFT_VERSION = 4.0;
				TARGETED_DEVICE_FAMILY = "1,2";
				TEST_TARGET_NAME = iTunesClient;
			};
			name = Debug;
		};
		2C12BF631F951F4E00E19EBE /* Release */ = {
			isa = XCBuildConfiguration;
			buildSettings = {
				ALWAYS_EMBED_SWIFT_STANDARD_LIBRARIES = YES;
				CODE_SIGN_STYLE = Automatic;
				DEVELOPMENT_TEAM = 7R2PT84PCM;
				INFOPLIST_FILE = iTunesClientUITests/Info.plist;
				LD_RUNPATH_SEARCH_PATHS = "$(inherited) @executable_path/Frameworks @loader_path/Frameworks";
				PRODUCT_BUNDLE_IDENTIFIER = dk.marcusklausen.iTunesClientUITests;
				PRODUCT_NAME = "$(TARGET_NAME)";
				SWIFT_VERSION = 4.0;
				TARGETED_DEVICE_FAMILY = "1,2";
				TEST_TARGET_NAME = iTunesClient;
			};
			name = Release;
		};
/* End XCBuildConfiguration section */

/* Begin XCConfigurationList section */
		2C12BF2E1F951F4E00E19EBE /* Build configuration list for PBXProject "iTunesClient" */ = {
			isa = XCConfigurationList;
			buildConfigurations = (
				2C12BF591F951F4E00E19EBE /* Debug */,
				2C12BF5A1F951F4E00E19EBE /* Release */,
			);
			defaultConfigurationIsVisible = 0;
			defaultConfigurationName = Release;
		};
		2C12BF5B1F951F4E00E19EBE /* Build configuration list for PBXNativeTarget "iTunesClient" */ = {
			isa = XCConfigurationList;
			buildConfigurations = (
				2C12BF5C1F951F4E00E19EBE /* Debug */,
				2C12BF5D1F951F4E00E19EBE /* Release */,
			);
			defaultConfigurationIsVisible = 0;
			defaultConfigurationName = Release;
		};
		2C12BF5E1F951F4E00E19EBE /* Build configuration list for PBXNativeTarget "iTunesClientTests" */ = {
			isa = XCConfigurationList;
			buildConfigurations = (
				2C12BF5F1F951F4E00E19EBE /* Debug */,
				2C12BF601F951F4E00E19EBE /* Release */,
			);
			defaultConfigurationIsVisible = 0;
			defaultConfigurationName = Release;
		};
		2C12BF611F951F4E00E19EBE /* Build configuration list for PBXNativeTarget "iTunesClientUITests" */ = {
			isa = XCConfigurationList;
			buildConfigurations = (
				2C12BF621F951F4E00E19EBE /* Debug */,
				2C12BF631F951F4E00E19EBE /* Release */,
			);
			defaultConfigurationIsVisible = 0;
			defaultConfigurationName = Release;
		};
/* End XCConfigurationList section */
	};
	rootObject = 2C12BF2B1F951F4E00E19EBE /* Project object */;
}
